
Microsoft Visual Studio Solution File, Format Version 12.00
# Visual Studio 2013
VisualStudioVersion = 12.0.31101.0
MinimumVisualStudioVersion = 10.0.40219.1
Project("{FAE04EC0-301F-11D3-BF4B-00C04F79EFBC}") = "AngularJSDemo.Persistence", "AngularJSDemo.Persistence\AngularJSDemo.Persistence.csproj", "{9CF61400-EBB8-4E6E-A94A-98AB97D6D7BA}"
EndProject
Project("{FAE04EC0-301F-11D3-BF4B-00C04F79EFBC}") = "AngularJSDemo.MvcWebApi", "AngularJSDemo.MvcWebApi\AngularJSDemo.MvcWebApi.csproj", "{08F4B71C-6441-4429-ACFE-D401259290C0}"
EndProject
Global
	GlobalSection(SolutionConfigurationPlatforms) = preSolution
		Debug|Any CPU = Debug|Any CPU
		Release|Any CPU = Release|Any CPU
	EndGlobalSection
	GlobalSection(ProjectConfigurationPlatforms) = postSolution
		{9CF61400-EBB8-4E6E-A94A-98AB97D6D7BA}.Debug|Any CPU.ActiveCfg = Debug|Any CPU
		{9CF61400-EBB8-4E6E-A94A-98AB97D6D7BA}.Debug|Any CPU.Build.0 = Debug|Any CPU
		{9CF61400-EBB8-4E6E-A94A-98AB97D6D7BA}.Release|Any CPU.ActiveCfg = Release|Any CPU
		{9CF61400-EBB8-4E6E-A94A-98AB97D6D7BA}.Release|Any CPU.Build.0 = Release|Any CPU
		{08F4B71C-6441-4429-ACFE-D401259290C0}.Debug|Any CPU.ActiveCfg = Debug|Any CPU
		{08F4B71C-6441-4429-ACFE-D401259290C0}.Debug|Any CPU.Build.0 = Debug|Any CPU
		{08F4B71C-6441-4429-ACFE-D401259290C0}.Release|Any CPU.ActiveCfg = Release|Any CPU
		{08F4B71C-6441-4429-ACFE-D401259290C0}.Release|Any CPU.Build.0 = Release|Any CPU
	EndGlobalSection
	GlobalSection(SolutionProperties) = preSolution
		HideSolutionNode = FALSE
	EndGlobalSection
EndGlobal
